github.com/BurntSushi/toml v1.3.2 h1:o7IhLm0Msx3BaB+n3Ag7L8EVlByGnpq14C4YWiu/gL8=
github.com/BurntSushi/toml v1.3.2/go.mod h1:CxXYINrC8qIiEnFrOxCa7Jy5BFHlXnUU2pbicEuybxQ=
github.com/denisenkom/go-mssqldb v0.9.0/go.mod h1:xbL0rPBG9cCiLr28tMa8zpbdarY27NDyej4t/EjAShU=
github.com/fsnotify/fsnotify v1.7.0 h1:8JEhPFa5W2WU7YfeZzPNqzMP6Lwt7L2715Ggo0nosvA=
github.com/fsnotify/fsnotify v1.7.0/go.mod h1:40Bi/Hjc2AVfZrqy+aj+yEI+/bRxZnMJyTJwOpGvigM=
github.com/go-sql-driver/mysql v1.5.0 h1:ozyZYNQW3x3HtqT1jira07DN2PArx2v7/mN66gGcHOs=
github.com/go-sql-driver/mysql v1.5.0/go.mod h1:DCzpHaOWr8IXmIStZouvnhqoel9Qv2LBy8hT2VhHyBg=
github.com/golang-sql/civil v0.0.0-20190719163853-cb61b32ac6fe/go.mod h1:8vg3r2VgvsThLBIFL93Qb5yWzgyZWhEmBwUJWevAkK0=
github.com/gomodule/redigo v2.0.0+incompatible/go.mod h1:B4C85qUVwatsJoIUNIfCRsp7qO0iAmpGFZ4EELWSbC4=
github.com/gorilla/websocket v1.5.0 h1:PPwGk2jz7EePpoHN/+ClbZu8SPxiqlu12wZP/3sWmnc=
github.com/gorilla/websocket v1.5.0/go.mod h1:YR8l580nyteQvAITg2hZ9XVh4b55+EU/adAjf1fMHhE=
github.com/herb-go/datasource v0.0.0-20201124135106-df914dd955dd/go.mod h1:LwVuC9ian/wLoaNe9HSrqfGsK8Y6hc6lBg3AMhD8ozk=
github.com/herb-go/datasource v0.0.0-20211122123843-a3546acd0d8d h1:FnyR7t0dmvpeZ24jldt2LwNlmqumTUNxEZlmO10Ka9M=
github.com/herb-go/datasource v0.0.0-20211122123843-a3546acd0d8d/go.mod h1:VFDCNa6YNGvEy3YPg9cBdr2aYFEQagXVXbqfU8zwzb4=
github.com/herb-go/datasource-drivers v0.0.0-20201011165914-7717acb90545 h1:WyV3ABpu5GhTxeJe2yYrCi5NZSgox4tdnfRCQiYvLBg=
github.com/herb-go/datasource-drivers v0.0.0-20201011165914-7717acb90545/go.mod h1:ANYyxzgRT+z0jfCswVTJ4bWKdT9sBsnPzASfc/YJzwE=
github.com/herb-go/herbconfig v0.0.0-20210201131438-44d8e331b703 h1:aEnFmsx4aq/edjRn7bw58LAxR52X9oouWeEE//SgIpg=
github.com/herb-go/herbconfig v0.0.0-20210201131438-44d8e331b703/go.mod h1:Ws/99AdD6PWdGzCoVvqaPMU/qgJJxJTBykFz+20sd/E=
github.com/herb-go/logger v0.0.0-20210115164802-8259bb9dcc90 h1:bgr4Q5iG44ihO3NZK109xh3QMR5+r6q2Q9hWJhvMJcU=
github.com/herb-go/logger v0.0.0-20210115164802-8259bb9dcc90/go.mod h1:Unbyc9sDRQawPLG4O6/AgqLF6/n/T7X58ft3QJOwuCI=
github.com/herb-go/uniqueid v0.0.0-20210304163719-ac56f6357531 h1:api8pHgzqqq99X56e+80gP06jd54ARx562YoGrmRMYQ=
github.com/herb-go/uniqueid v0.0.0-20210304163719-ac56f6357531/go.mod h1:Anvh+YXng5fWGXy9Y6oWcTUUYQlXHzgeVh/0as237EM=
github.com/herb-go/util v0.0.0-20230321163403-6a757b251968 h1:/yee8KpavOOQbKwJY3jhYPebBapXvH985+KzAl9Ljo8=
github.com/herb-go/util v0.0.0-20230321163403-6a757b251968/go.mod h1:lhVdeH5IRD13aZn8ca5h6lq/ABDC9cFbfuXJfHK3oxo=
github.com/herb-go/worker v0.0.0-20210318151232-dbaf101c7d73 h1:SipUePmeYLlptd3NgikXBg8ebHEo8IZFaq91UdaiWt0=
github.com/herb-go/worker v0.0.0-20210318151232-dbaf101c7d73/go.mod h1:EuxhyAY14GgxIAKMDACoGzel9Of+11mDhWGrl7fkbQo=
github.com/lib/pq v1.9.0/go.mod h1:AlVN5x4E4T544tWzH6hKfbfQvm3HdbOxrmggDNAPY9o=
github.com/mattn/go-sqlite3 v1.14.6/go.mod h1:NyWgC/yNuGj7Q9rpYnZvas74GogHl5/Z4A/KQRfk6bU=
golang.org/x/crypto v0.0.0-20190325154230-a5d413f7728c/go.mod h1:djNgcEr1/C05ACkg1iLfiJU5Ep61QUkGW8qpdssI0+w=
golang.org/x/sys v0.0.0-20190215142949-d0b11bdaac8a/go.mod h1:STP8DvDyc/dI5b8T5hshtkjS+E42TnysNCUPdjciGhY=
golang.org/x/sys v0.5.0 h1:MUK/U/4lj1t1oPg0HfuXDN/Z1wv31ZJ/YcPiGccS4DU=
golang.org/x/sys v0.5.0/go.mod h1:oPkhp1MJrh7nUepCBck5+mAzfO9JrbApNNgaTdGDITg=
golang.org/x/text v0.13.0 h1:ablQoSUd0tRdKxZewP80B+BaqeKJuVhuRxj/dkrun3k=
golang.org/x/text v0.13.0/go.mod h1:TvPlkZtksWOMsz7fbANvkp4WM8x/WCo/om8BMLbz+aE=
